// !$*UTF8*$!
{
	archiveVersion = 1;
	classes = {
	};
	objectVersion = 50;
	objects = {

/* Begin PBXBuildFile section */
		0AA31FE6217CDB0500CD43A9 /* YourAdsHelper.swift in Sources */ = {isa = PBXBuildFile; fileRef = 0AA31FE3217CDB0500CD43A9 /* YourAdsHelper.swift */; };
		0AA31FE7217CDB0500CD43A9 /* YourAdsController.swift in Sources */ = {isa = PBXBuildFile; fileRef = 0AA31FE5217CDB0500CD43A9 /* YourAdsController.swift */; };
		CD16CFEF215E13F8006CF6E7 /* YourAdsSDK.framework in Frameworks */ = {isa = PBXBuildFile; fileRef = CD16CFE5215E13F7006CF6E7 /* YourAdsSDK.framework */; };
		CD16CFF4215E13F8006CF6E7 /* YourAdsSDKTests.swift in Sources */ = {isa = PBXBuildFile; fileRef = CD16CFF3215E13F8006CF6E7 /* YourAdsSDKTests.swift */; };
		CD16CFF6215E13F8006CF6E7 /* YourAdsSDK.h in Headers */ = {isa = PBXBuildFile; fileRef = CD16CFE8215E13F7006CF6E7 /* YourAdsSDK.h */; settings = {ATTRIBUTES = (Public, ); }; };
		CD6CBF25218DB7DD00DCD6DC /* YourAdsController.storyboard in Resources */ = {isa = PBXBuildFile; fileRef = CD6CBF24218DB7DD00DCD6DC /* YourAdsController.storyboard */; };
		CDC9282B21826F37005DB6AD /* CameraRecorder.swift in Sources */ = {isa = PBXBuildFile; fileRef = CDC9282921826F37005DB6AD /* CameraRecorder.swift */; };
		CDC9282C21826F37005DB6AD /* VideoPlayer.swift in Sources */ = {isa = PBXBuildFile; fileRef = CDC9282A21826F37005DB6AD /* VideoPlayer.swift */; };
/* End PBXBuildFile section */

/* Begin PBXContainerItemProxy section */
		CD16CFF0215E13F8006CF6E7 /* PBXContainerItemProxy */ = {
			isa = PBXContainerItemProxy;
			containerPortal = CD16CFDC215E13F7006CF6E7 /* Project object */;
			proxyType = 1;
			remoteGlobalIDString = CD16CFE4215E13F7006CF6E7;
			remoteInfo = YourAdsSDK;
		};
/* End PBXContainerItemProxy section */

/* Begin PBXFileReference section */
		0AA31FE3217CDB0500CD43A9 /* YourAdsHelper.swift */ = {isa = PBXFileReference; fileEncoding = 4; lastKnownFileType = sourcecode.swift; path = YourAdsHelper.swift; sourceTree = "<group>"; };
		0AA31FE5217CDB0500CD43A9 /* YourAdsController.swift */ = {isa = PBXFileReference; fileEncoding = 4; lastKnownFileType = sourcecode.swift; path = YourAdsController.swift; sourceTree = "<group>"; };
		CD16CFE5215E13F7006CF6E7 /* YourAdsSDK.framework */ = {isa = PBXFileReference; explicitFileType = wrapper.framework; includeInIndex = 0; path = YourAdsSDK.framework; sourceTree = BUILT_PRODUCTS_DIR; };
		CD16CFE8215E13F7006CF6E7 /* YourAdsSDK.h */ = {isa = PBXFileReference; lastKnownFileType = sourcecode.c.h; path = YourAdsSDK.h; sourceTree = "<group>"; };
		CD16CFE9215E13F8006CF6E7 /* Info.plist */ = {isa = PBXFileReference; lastKnownFileType = text.plist.xml; path = Info.plist; sourceTree = "<group>"; };
		CD16CFEE215E13F8006CF6E7 /* YourAdsSDKTests.xctest */ = {isa = PBXFileReference; explicitFileType = wrapper.cfbundle; includeInIndex = 0; path = YourAdsSDKTests.xctest; sourceTree = BUILT_PRODUCTS_DIR; };
		CD16CFF3215E13F8006CF6E7 /* YourAdsSDKTests.swift */ = {isa = PBXFileReference; lastKnownFileType = sourcecode.swift; path = YourAdsSDKTests.swift; sourceTree = "<group>"; };
		CD16CFF5215E13F8006CF6E7 /* Info.plist */ = {isa = PBXFileReference; lastKnownFileType = text.plist.xml; path = Info.plist; sourceTree = "<group>"; };
		CD6CBF24218DB7DD00DCD6DC /* YourAdsController.storyboard */ = {isa = PBXFileReference; fileEncoding = 4; lastKnownFileType = file.storyboard; path = YourAdsController.storyboard; sourceTree = "<group>"; };
		CDC9282921826F37005DB6AD /* CameraRecorder.swift */ = {isa = PBXFileReference; fileEncoding = 4; lastKnownFileType = sourcecode.swift; path = CameraRecorder.swift; sourceTree = "<group>"; };
		CDC9282A21826F37005DB6AD /* VideoPlayer.swift */ = {isa = PBXFileReference; fileEncoding = 4; lastKnownFileType = sourcecode.swift; path = VideoPlayer.swift; sourceTree = "<group>"; };
/* End PBXFileReference section */

/* Begin PBXFrameworksBuildPhase section */
		CD16CFE1215E13F7006CF6E7 /* Frameworks */ = {
			isa = PBXFrameworksBuildPhase;
			buildActionMask = 2147483647;
			files = (
			);
			runOnlyForDeploymentPostprocessing = 0;
		};
		CD16CFEB215E13F8006CF6E7 /* Frameworks */ = {
			isa = PBXFrameworksBuildPhase;
			buildActionMask = 2147483647;
			files = (
				CD16CFEF215E13F8006CF6E7 /* YourAdsSDK.framework in Frameworks */,
			);
			runOnlyForDeploymentPostprocessing = 0;
		};
/* End PBXFrameworksBuildPhase section */

/* Begin PBXGroup section */
		0AA31FE2217CDB0500CD43A9 /* Helpers */ = {
			isa = PBXGroup;
			children = (
				0AA31FE3217CDB0500CD43A9 /* YourAdsHelper.swift */,
			);
			path = Helpers;
			sourceTree = "<group>";
		};
		0AA31FE4217CDB0500CD43A9 /* Controllers */ = {
			isa = PBXGroup;
			children = (
				0AA31FE5217CDB0500CD43A9 /* YourAdsController.swift */,
			);
			path = Controllers;
			sourceTree = "<group>";
		};
		CD16CFDB215E13F7006CF6E7 = {
			isa = PBXGroup;
			children = (
				CD16CFE7215E13F7006CF6E7 /* YourAdsSDK */,
				CD16CFF2215E13F8006CF6E7 /* YourAdsSDKTests */,
				CD16CFE6215E13F7006CF6E7 /* Products */,
			);
			sourceTree = "<group>";
		};
		CD16CFE6215E13F7006CF6E7 /* Products */ = {
			isa = PBXGroup;
			children = (
				CD16CFE5215E13F7006CF6E7 /* YourAdsSDK.framework */,
				CD16CFEE215E13F8006CF6E7 /* YourAdsSDKTests.xctest */,
			);
			name = Products;
			sourceTree = "<group>";
		};
		CD16CFE7215E13F7006CF6E7 /* YourAdsSDK */ = {
			isa = PBXGroup;
			children = (
				CD6CBF23218DB7DD00DCD6DC /* UI */,
				CDC9282321822EED005DB6AD /* Views */,
				0AA31FE4217CDB0500CD43A9 /* Controllers */,
				0AA31FE2217CDB0500CD43A9 /* Helpers */,
				CD16CFE8215E13F7006CF6E7 /* YourAdsSDK.h */,
				CD16CFE9215E13F8006CF6E7 /* Info.plist */,
			);
			path = YourAdsSDK;
			sourceTree = "<group>";
		};
		CD16CFF2215E13F8006CF6E7 /* YourAdsSDKTests */ = {
			isa = PBXGroup;
			children = (
				CD16CFF3215E13F8006CF6E7 /* YourAdsSDKTests.swift */,
				CD16CFF5215E13F8006CF6E7 /* Info.plist */,
			);
			path = YourAdsSDKTests;
			sourceTree = "<group>";
		};
		CD6CBF23218DB7DD00DCD6DC /* UI */ = {
			isa = PBXGroup;
			children = (
				CD6CBF24218DB7DD00DCD6DC /* YourAdsController.storyboard */,
			);
			path = UI;
			sourceTree = "<group>";
		};
		CDC9282321822EED005DB6AD /* Views */ = {
			isa = PBXGroup;
			children = (
				CDC9282921826F37005DB6AD /* CameraRecorder.swift */,
				CDC9282A21826F37005DB6AD /* VideoPlayer.swift */,
			);
			path = Views;
			sourceTree = "<group>";
		};
/* End PBXGroup section */

/* Begin PBXHeadersBuildPhase section */
		CD16CFE2215E13F7006CF6E7 /* Headers */ = {
			isa = PBXHeadersBuildPhase;
			buildActionMask = 2147483647;
			files = (
				CD16CFF6215E13F8006CF6E7 /* YourAdsSDK.h in Headers */,
			);
			runOnlyForDeploymentPostprocessing = 0;
		};
/* End PBXHeadersBuildPhase section */

/* Begin PBXNativeTarget section */
		CD16CFE4215E13F7006CF6E7 /* YourAdsSDK */ = {
			isa = PBXNativeTarget;
			buildConfigurationList = CD16CFF9215E13F8006CF6E7 /* Build configuration list for PBXNativeTarget "YourAdsSDK" */;
			buildPhases = (
				CD16CFE0215E13F7006CF6E7 /* Sources */,
				CD16CFE1215E13F7006CF6E7 /* Frameworks */,
				CD16CFE2215E13F7006CF6E7 /* Headers */,
				CD16CFE3215E13F7006CF6E7 /* Resources */,
			);
			buildRules = (
			);
			dependencies = (
			);
			name = YourAdsSDK;
			productName = YourAdsSDK;
			productReference = CD16CFE5215E13F7006CF6E7 /* YourAdsSDK.framework */;
			productType = "com.apple.product-type.framework";
		};
		CD16CFED215E13F8006CF6E7 /* YourAdsSDKTests */ = {
			isa = PBXNativeTarget;
			buildConfigurationList = CD16CFFC215E13F8006CF6E7 /* Build configuration list for PBXNativeTarget "YourAdsSDKTests" */;
			buildPhases = (
				CD16CFEA215E13F8006CF6E7 /* Sources */,
				CD16CFEB215E13F8006CF6E7 /* Frameworks */,
				CD16CFEC215E13F8006CF6E7 /* Resources */,
			);
			buildRules = (
			);
			dependencies = (
				CD16CFF1215E13F8006CF6E7 /* PBXTargetDependency */,
			);
			name = YourAdsSDKTests;
			productName = YourAdsSDKTests;
			productReference = CD16CFEE215E13F8006CF6E7 /* YourAdsSDKTests.xctest */;
			productType = "com.apple.product-type.bundle.unit-test";
		};
/* End PBXNativeTarget section */

/* Begin PBXProject section */
		CD16CFDC215E13F7006CF6E7 /* Project object */ = {
			isa = PBXProject;
			attributes = {
				LastSwiftUpdateCheck = 0940;
				LastUpgradeCheck = 0940;
				ORGANIZATIONNAME = "Cris Toozs";
				TargetAttributes = {
					CD16CFE4215E13F7006CF6E7 = {
						CreatedOnToolsVersion = 9.4.1;
					};
					CD16CFED215E13F8006CF6E7 = {
						CreatedOnToolsVersion = 9.4.1;
					};
				};
			};
			buildConfigurationList = CD16CFDF215E13F7006CF6E7 /* Build configuration list for PBXProject "YourAdsSDK" */;
			compatibilityVersion = "Xcode 9.3";
			developmentRegion = en;
			hasScannedForEncodings = 0;
			knownRegions = (
				en,
			);
			mainGroup = CD16CFDB215E13F7006CF6E7;
			productRefGroup = CD16CFE6215E13F7006CF6E7 /* Products */;
			projectDirPath = "";
			projectRoot = "";
			targets = (
				CD16CFE4215E13F7006CF6E7 /* YourAdsSDK */,
				CD16CFED215E13F8006CF6E7 /* YourAdsSDKTests */,
			);
		};
/* End PBXProject section */

/* Begin PBXResourcesBuildPhase section */
		CD16CFE3215E13F7006CF6E7 /* Resources */ = {
			isa = PBXResourcesBuildPhase;
			buildActionMask = 2147483647;
			files = (
				CD6CBF25218DB7DD00DCD6DC /* YourAdsController.storyboard in Resources */,
			);
			runOnlyForDeploymentPostprocessing = 0;
		};
		CD16CFEC215E13F8006CF6E7 /* Resources */ = {
			isa = PBXResourcesBuildPhase;
			buildActionMask = 2147483647;
			files = (
			);
			runOnlyForDeploymentPostprocessing = 0;
		};
/* End PBXResourcesBuildPhase section */

/* Begin PBXSourcesBuildPhase section */
		CD16CFE0215E13F7006CF6E7 /* Sources */ = {
			isa = PBXSourcesBuildPhase;
			buildActionMask = 2147483647;
			files = (
				CDC9282C21826F37005DB6AD /* VideoPlayer.swift in Sources */,
				0AA31FE6217CDB0500CD43A9 /* YourAdsHelper.swift in Sources */,
				0AA31FE7217CDB0500CD43A9 /* YourAdsController.swift in Sources */,
				CDC9282B21826F37005DB6AD /* CameraRecorder.swift in Sources */,
			);
			runOnlyForDeploymentPostprocessing = 0;
		};
		CD16CFEA215E13F8006CF6E7 /* Sources */ = {
			isa = PBXSourcesBuildPhase;
			buildActionMask = 2147483647;
			files = (
				CD16CFF4215E13F8006CF6E7 /* YourAdsSDKTests.swift in Sources */,
			);
			runOnlyForDeploymentPostprocessing = 0;
		};
/* End PBXSourcesBuildPhase section */

/* Begin PBXTargetDependency section */
		CD16CFF1215E13F8006CF6E7 /* PBXTargetDependency */ = {
			isa = PBXTargetDependency;
			target = CD16CFE4215E13F7006CF6E7 /* YourAdsSDK */;
			targetProxy = CD16CFF0215E13F8006CF6E7 /* PBXContainerItemProxy */;
		};
/* End PBXTargetDependency section */

/* Begin XCBuildConfiguration section */
		CD16CFF7215E13F8006CF6E7 /* Debug */ = {
			isa = XCBuildConfiguration;
			buildSettings = {
				ALWAYS_SEARCH_USER_PATHS = NO;
				CLANG_ANALYZER_NONNULL = YES;
				CLANG_ANALYZER_NUMBER_OBJECT_CONVERSION = YES_AGGRESSIVE;
				CLANG_CXX_LANGUAGE_STANDARD = "gnu++14";
				CLANG_CXX_LIBRARY = "libc++";
				CLANG_ENABLE_MODULES = YES;
				CLANG_ENABLE_OBJC_ARC = YES;
				CLANG_ENABLE_OBJC_WEAK = YES;
				CLANG_WARN_BLOCK_CAPTURE_AUTORELEASING = YES;
				CLANG_WARN_BOOL_CONVERSION = YES;
				CLANG_WARN_COMMA = YES;
				CLANG_WARN_CONSTANT_CONVERSION = YES;
				CLANG_WARN_DEPRECATED_OBJC_IMPLEMENTATIONS = YES;
				CLANG_WARN_DIRECT_OBJC_ISA_USAGE = YES_ERROR;
				CLANG_WARN_DOCUMENTATION_COMMENTS = YES;
				CLANG_WARN_EMPTY_BODY = YES;
				CLANG_WARN_ENUM_CONVERSION = YES;
				CLANG_WARN_INFINITE_RECURSION = YES;
				CLANG_WARN_INT_CONVERSION = YES;
				CLANG_WARN_NON_LITERAL_NULL_CONVERSION = YES;
				CLANG_WARN_OBJC_IMPLICIT_RETAIN_SELF = YES;
				CLANG_WARN_OBJC_LITERAL_CONVERSION = YES;
				CLANG_WARN_OBJC_ROOT_CLASS = YES_ERROR;
				CLANG_WARN_RANGE_LOOP_ANALYSIS = YES;
				CLANG_WARN_STRICT_PROTOTYPES = YES;
				CLANG_WARN_SUSPICIOUS_MOVE = YES;
				CLANG_WARN_UNGUARDED_AVAILABILITY = YES_AGGRESSIVE;
				CLANG_WARN_UNREACHABLE_CODE = YES;
				CLANG_WARN__DUPLICATE_METHOD_MATCH = YES;
				CODE_SIGN_IDENTITY = "iPhone Developer";
				COPY_PHASE_STRIP = NO;
				CURRENT_PROJECT_VERSION = 1;
				DEBUG_INFORMATION_FORMAT = dwarf;
				ENABLE_STRICT_OBJC_MSGSEND = YES;
				ENABLE_TESTABILITY = YES;
				GCC_C_LANGUAGE_STANDARD = gnu11;
				GCC_DYNAMIC_NO_PIC = NO;
				GCC_NO_COMMON_BLOCKS = YES;
				GCC_OPTIMIZATION_LEVEL = 0;
				GCC_PREPROCESSOR_DEFINITIONS = (
					"DEBUG=1",
					"$(inherited)",
				);
				GCC_WARN_64_TO_32_BIT_CONVERSION = YES;
				GCC_WARN_ABOUT_RETURN_TYPE = YES_ERROR;
				GCC_WARN_UNDECLARED_SELECTOR = YES;
				GCC_WARN_UNINITIALIZED_AUTOS = YES_AGGRESSIVE;
				GCC_WARN_UNUSED_FUNCTION = YES;
				GCC_WARN_UNUSED_VARIABLE = YES;
				IPHONEOS_DEPLOYMENT_TARGET = 11.4;
				MTL_ENABLE_DEBUG_INFO = YES;
				ONLY_ACTIVE_ARCH = YES;
				SDKROOT = iphoneos;
				SWIFT_ACTIVE_COMPILATION_CONDITIONS = DEBUG;
				SWIFT_OPTIMIZATION_LEVEL = "-Onone";
				VERSIONING_SYSTEM = "apple-generic";
				VERSION_INFO_PREFIX = "";
			};
			name = Debug;
		};
		CD16CFF8215E13F8006CF6E7 /* Release */ = {
			isa = XCBuildConfiguration;
			buildSettings = {
				ALWAYS_SEARCH_USER_PATHS = NO;
				CLANG_ANALYZER_NONNULL = YES;
				CLANG_ANALYZER_NUMBER_OBJECT_CONVERSION = YES_AGGRESSIVE;
				CLANG_CXX_LANGUAGE_STANDARD = "gnu++14";
				CLANG_CXX_LIBRARY = "libc++";
				CLANG_ENABLE_MODULES = YES;
				CLANG_ENABLE_OBJC_ARC = YES;
				CLANG_ENABLE_OBJC_WEAK = YES;
				CLANG_WARN_BLOCK_CAPTURE_AUTORELEASING = YES;
				CLANG_WARN_BOOL_CONVERSION = YES;
				CLANG_WARN_COMMA = YES;
				CLANG_WARN_CONSTANT_CONVERSION = YES;
				CLANG_WARN_DEPRECATED_OBJC_IMPLEMENTATIONS = YES;
				CLANG_WARN_DIRECT_OBJC_ISA_USAGE = YES_ERROR;
				CLANG_WARN_DOCUMENTATION_COMMENTS = YES;
				CLANG_WARN_EMPTY_BODY = YES;
				CLANG_WARN_ENUM_CONVERSION = YES;
				CLANG_WARN_INFINITE_RECURSION = YES;
				CLANG_WARN_INT_CONVERSION = YES;
				CLANG_WARN_NON_LITERAL_NULL_CONVERSION = YES;
				CLANG_WARN_OBJC_IMPLICIT_RETAIN_SELF = YES;
				CLANG_WARN_OBJC_LITERAL_CONVERSION = YES;
				CLANG_WARN_OBJC_ROOT_CLASS = YES_ERROR;
				CLANG_WARN_RANGE_LOOP_ANALYSIS = YES;
				CLANG_WARN_STRICT_PROTOTYPES = YES;
				CLANG_WARN_SUSPICIOUS_MOVE = YES;
				CLANG_WARN_UNGUARDED_AVAILABILITY = YES_AGGRESSIVE;
				CLANG_WARN_UNREACHABLE_CODE = YES;
				CLANG_WARN__DUPLICATE_METHOD_MATCH = YES;
				CODE_SIGN_IDENTITY = "iPhone Developer";
				COPY_PHASE_STRIP = NO;
				CURRENT_PROJECT_VERSION = 1;
				DEBUG_INFORMATION_FORMAT = "dwarf-with-dsym";
				ENABLE_NS_ASSERTIONS = NO;
				ENABLE_STRICT_OBJC_MSGSEND = YES;
				GCC_C_LANGUAGE_STANDARD = gnu11;
				GCC_NO_COMMON_BLOCKS = YES;
				GCC_WARN_64_TO_32_BIT_CONVERSION = YES;
				GCC_WARN_ABOUT_RETURN_TYPE = YES_ERROR;
				GCC_WARN_UNDECLARED_SELECTOR = YES;
				GCC_WARN_UNINITIALIZED_AUTOS = YES_AGGRESSIVE;
				GCC_WARN_UNUSED_FUNCTION = YES;
				GCC_WARN_UNUSED_VARIABLE = YES;
				IPHONEOS_DEPLOYMENT_TARGET = 11.4;
				MTL_ENABLE_DEBUG_INFO = NO;
				SDKROOT = iphoneos;
				SWIFT_COMPILATION_MODE = wholemodule;
				SWIFT_OPTIMIZATION_LEVEL = "-O";
				VALIDATE_PRODUCT = YES;
				VERSIONING_SYSTEM = "apple-generic";
				VERSION_INFO_PREFIX = "";
			};
			name = Release;
		};
		CD16CFFA215E13F8006CF6E7 /* Debug */ = {
			isa = XCBuildConfiguration;
			buildSettings = {
				CODE_SIGN_IDENTITY = "";
				CODE_SIGN_STYLE = Automatic;
				DEFINES_MODULE = YES;
				DEVELOPMENT_TEAM = YRZV9MTWPP;
				DYLIB_COMPATIBILITY_VERSION = 1;
				DYLIB_CURRENT_VERSION = 1;
				DYLIB_INSTALL_NAME_BASE = "@rpath";
				INFOPLIST_FILE = YourAdsSDK/Info.plist;
				INSTALL_PATH = "$(LOCAL_LIBRARY_DIR)/Frameworks";
				LD_RUNPATH_SEARCH_PATHS = (
					"$(inherited)",
					"@executable_path/Frameworks",
					"@loader_path/Frameworks",
				);
				PRODUCT_BUNDLE_IDENTIFIER = YourAds.YourAdsSDK;
				PRODUCT_NAME = "$(TARGET_NAME:c99extidentifier)";
				SKIP_INSTALL = YES;
				SWIFT_VERSION = 4.0;
				TARGETED_DEVICE_FAMILY = "1,2";
			};
			name = Debug;
		};
		CD16CFFB215E13F8006CF6E7 /* Release */ = {
			isa = XCBuildConfiguration;
			buildSettings = {
				CODE_SIGN_IDENTITY = "";
				CODE_SIGN_STYLE = Automatic;
				DEFINES_MODULE = YES;
				DEVELOPMENT_TEAM = YRZV9MTWPP;
				DYLIB_COMPATIBILITY_VERSION = 1;
				DYLIB_CURRENT_VERSION = 1;
				DYLIB_INSTALL_NAME_BASE = "@rpath";
				INFOPLIST_FILE = YourAdsSDK/Info.plist;
				INSTALL_PATH = "$(LOCAL_LIBRARY_DIR)/Frameworks";
				LD_RUNPATH_SEARCH_PATHS = (
					"$(inherited)",
					"@executable_path/Frameworks",
					"@loader_path/Frameworks",
				);
				PRODUCT_BUNDLE_IDENTIFIER = YourAds.YourAdsSDK;
				PRODUCT_NAME = "$(TARGET_NAME:c99extidentifier)";
				SKIP_INSTALL = YES;
				SWIFT_VERSION = 4.0;
				TARGETED_DEVICE_FAMILY = "1,2";
			};
			name = Release;
		};
		CD16CFFD215E13F8006CF6E7 /* Debug */ = {
			isa = XCBuildConfiguration;
			buildSettings = {
				ALWAYS_EMBED_SWIFT_STANDARD_LIBRARIES = YES;
				CODE_SIGN_STYLE = Automatic;
				DEVELOPMENT_TEAM = YRZV9MTWPP;
				INFOPLIST_FILE = YourAdsSDKTests/Info.plist;
				LD_RUNPATH_SEARCH_PATHS = (
					"$(inherited)",
					"@executable_path/Frameworks",
					"@loader_path/Frameworks",
				);
				PRODUCT_BUNDLE_IDENTIFIER = YourAds.YourAdsSDKTests;
				PRODUCT_NAME = "$(TARGET_NAME)";
				SWIFT_VERSION = 4.0;
				TARGETED_DEVICE_FAMILY = "1,2";
			};
			name = Debug;
		};
		CD16CFFE215E13F8006CF6E7 /* Release */ = {
			isa = XCBuildConfiguration;
			buildSettings = {
				ALWAYS_EMBED_SWIFT_STANDARD_LIBRARIES = YES;
				CODE_SIGN_STYLE = Automatic;
				DEVELOPMENT_TEAM = YRZV9MTWPP;
				INFOPLIST_FILE = YourAdsSDKTests/Info.plist;
				LD_RUNPATH_SEARCH_PATHS = (
					"$(inherited)",
					"@executable_path/Frameworks",
					"@loader_path/Frameworks",
				);
				PRODUCT_BUNDLE_IDENTIFIER = YourAds.YourAdsSDKTests;
				PRODUCT_NAME = "$(TARGET_NAME)";
				SWIFT_VERSION = 4.0;
				TARGETED_DEVICE_FAMILY = "1,2";
			};
			name = Release;
		};
/* End XCBuildConfiguration section */

/* Begin XCConfigurationList section */
		CD16CFDF215E13F7006CF6E7 /* Build configuration list for PBXProject "YourAdsSDK" */ = {
			isa = XCConfigurationList;
			buildConfigurations = (
				CD16CFF7215E13F8006CF6E7 /* Debug */,
				CD16CFF8215E13F8006CF6E7 /* Release */,
			);
			defaultConfigurationIsVisible = 0;
			defaultConfigurationName = Release;
		};
		CD16CFF9215E13F8006CF6E7 /* Build configuration list for PBXNativeTarget "YourAdsSDK" */ = {
			isa = XCConfigurationList;
			buildConfigurations = (
				CD16CFFA215E13F8006CF6E7 /* Debug */,
				CD16CFFB215E13F8006CF6E7 /* Release */,
			);
			defaultConfigurationIsVisible = 0;
			defaultConfigurationName = Release;
		};
		CD16CFFC215E13F8006CF6E7 /* Build configuration list for PBXNativeTarget "YourAdsSDKTests" */ = {
			isa = XCConfigurationList;
			buildConfigurations = (
				CD16CFFD215E13F8006CF6E7 /* Debug */,
				CD16CFFE215E13F8006CF6E7 /* Release */,
			);
			defaultConfigurationIsVisible = 0;
			defaultConfigurationName = Release;
		};
/* End XCConfigurationList section */
	};
	rootObject = CD16CFDC215E13F7006CF6E7 /* Project object */;
}
