// !$*UTF8*$!
{
	archiveVersion = 1;
	classes = {
	};
	objectVersion = 46;
	objects = {

/* Begin PBXBuildFile section */
		3BD7B7EB27E73DA1E60D9A6B /* Pods_PoC_2_0.framework in Frameworks */ = {isa = PBXBuildFile; fileRef = 9921559FCB05FC3D4A65CAEC /* Pods_PoC_2_0.framework */; };
		3DB3B29CC353FE955E7F5B36 /* Pods_PoC_2_0UITests.framework in Frameworks */ = {isa = PBXBuildFile; fileRef = 7E8B217966DFE814969AD094 /* Pods_PoC_2_0UITests.framework */; };
		7C81E72772B47F022A327D07 /* Pods_PoC_2_0Tests.framework in Frameworks */ = {isa = PBXBuildFile; fileRef = 85268197897F77149CE9F9C1 /* Pods_PoC_2_0Tests.framework */; };
		CD6F3CE71FC15DD4001204ED /* CameraController.swift in Sources */ = {isa = PBXBuildFile; fileRef = CD6F3CE61FC15DD4001204ED /* CameraController.swift */; };
		CD6F3CE91FC16650001204ED /* SampleVideo_1280x720_1mb.mp4 in Resources */ = {isa = PBXBuildFile; fileRef = CD6F3CE81FC1664F001204ED /* SampleVideo_1280x720_1mb.mp4 */; };
		CD6F3CEB1FC16D44001204ED /* HeartView.xib in Resources */ = {isa = PBXBuildFile; fileRef = CD6F3CEA1FC16D44001204ED /* HeartView.xib */; };
		CD8A6E8C1EE46CC700658F0A /* AppDelegate.swift in Sources */ = {isa = PBXBuildFile; fileRef = CD8A6E8B1EE46CC700658F0A /* AppDelegate.swift */; };
		CD8A6E8E1EE46CC700658F0A /* ViewController.swift in Sources */ = {isa = PBXBuildFile; fileRef = CD8A6E8D1EE46CC700658F0A /* ViewController.swift */; };
		CD8A6E911EE46CC800658F0A /* Main.storyboard in Resources */ = {isa = PBXBuildFile; fileRef = CD8A6E8F1EE46CC800658F0A /* Main.storyboard */; };
		CD8A6E941EE46CC800658F0A /* PoC_2_0.xcdatamodeld in Sources */ = {isa = PBXBuildFile; fileRef = CD8A6E921EE46CC800658F0A /* PoC_2_0.xcdatamodeld */; };
		CD8A6E961EE46CC800658F0A /* Assets.xcassets in Resources */ = {isa = PBXBuildFile; fileRef = CD8A6E951EE46CC800658F0A /* Assets.xcassets */; };
		CD8A6E991EE46CC800658F0A /* LaunchScreen.storyboard in Resources */ = {isa = PBXBuildFile; fileRef = CD8A6E971EE46CC800658F0A /* LaunchScreen.storyboard */; };
		CD8A6EA41EE46CC800658F0A /* PoC_2_0Tests.swift in Sources */ = {isa = PBXBuildFile; fileRef = CD8A6EA31EE46CC800658F0A /* PoC_2_0Tests.swift */; };
		CD8A6EAF1EE46CC800658F0A /* PoC_2_0UITests.swift in Sources */ = {isa = PBXBuildFile; fileRef = CD8A6EAE1EE46CC800658F0A /* PoC_2_0UITests.swift */; };
		CDD49CD4202E975900200724 /* VideoLauncher.swift in Sources */ = {isa = PBXBuildFile; fileRef = CDD49CD3202E975900200724 /* VideoLauncher.swift */; };
		CDDA964F1EFD551100F686A7 /* AppUtility.swift in Sources */ = {isa = PBXBuildFile; fileRef = CDDA964E1EFD551100F686A7 /* AppUtility.swift */; };
/* End PBXBuildFile section */

/* Begin PBXContainerItemProxy section */
		CD8A6EA01EE46CC800658F0A /* PBXContainerItemProxy */ = {
			isa = PBXContainerItemProxy;
			containerPortal = CD8A6E801EE46CC700658F0A /* Project object */;
			proxyType = 1;
			remoteGlobalIDString = CD8A6E871EE46CC700658F0A;
			remoteInfo = "PoC 2.0";
		};
		CD8A6EAB1EE46CC800658F0A /* PBXContainerItemProxy */ = {
			isa = PBXContainerItemProxy;
			containerPortal = CD8A6E801EE46CC700658F0A /* Project object */;
			proxyType = 1;
			remoteGlobalIDString = CD8A6E871EE46CC700658F0A;
			remoteInfo = "PoC 2.0";
		};
/* End PBXContainerItemProxy section */

/* Begin PBXFileReference section */
		1C321A855C597750FE101A94 /* Pods-PoC 2.0Tests.release.xcconfig */ = {isa = PBXFileReference; includeInIndex = 1; lastKnownFileType = text.xcconfig; name = "Pods-PoC 2.0Tests.release.xcconfig"; path = "Pods/Target Support Files/Pods-PoC 2.0Tests/Pods-PoC 2.0Tests.release.xcconfig"; sourceTree = "<group>"; };
		240FB59F3BBE40C5BB45A56E /* Pods-PoC 2.0.debug.xcconfig */ = {isa = PBXFileReference; includeInIndex = 1; lastKnownFileType = text.xcconfig; name = "Pods-PoC 2.0.debug.xcconfig"; path = "Pods/Target Support Files/Pods-PoC 2.0/Pods-PoC 2.0.debug.xcconfig"; sourceTree = "<group>"; };
		2F425F57800552EEDE2983CA /* Pods-PoC 2.0UITests.release.xcconfig */ = {isa = PBXFileReference; includeInIndex = 1; lastKnownFileType = text.xcconfig; name = "Pods-PoC 2.0UITests.release.xcconfig"; path = "Pods/Target Support Files/Pods-PoC 2.0UITests/Pods-PoC 2.0UITests.release.xcconfig"; sourceTree = "<group>"; };
		4A57166127EA542A785F7322 /* Pods-PoC 2.0Tests.debug.xcconfig */ = {isa = PBXFileReference; includeInIndex = 1; lastKnownFileType = text.xcconfig; name = "Pods-PoC 2.0Tests.debug.xcconfig"; path = "Pods/Target Support Files/Pods-PoC 2.0Tests/Pods-PoC 2.0Tests.debug.xcconfig"; sourceTree = "<group>"; };
		7E8B217966DFE814969AD094 /* Pods_PoC_2_0UITests.framework */ = {isa = PBXFileReference; explicitFileType = wrapper.framework; includeInIndex = 0; path = Pods_PoC_2_0UITests.framework; sourceTree = BUILT_PRODUCTS_DIR; };
		85268197897F77149CE9F9C1 /* Pods_PoC_2_0Tests.framework */ = {isa = PBXFileReference; explicitFileType = wrapper.framework; includeInIndex = 0; path = Pods_PoC_2_0Tests.framework; sourceTree = BUILT_PRODUCTS_DIR; };
		9921559FCB05FC3D4A65CAEC /* Pods_PoC_2_0.framework */ = {isa = PBXFileReference; explicitFileType = wrapper.framework; includeInIndex = 0; path = Pods_PoC_2_0.framework; sourceTree = BUILT_PRODUCTS_DIR; };
		CD6F3CE61FC15DD4001204ED /* CameraController.swift */ = {isa = PBXFileReference; fileEncoding = 4; lastKnownFileType = sourcecode.swift; path = CameraController.swift; sourceTree = "<group>"; };
		CD6F3CE81FC1664F001204ED /* SampleVideo_1280x720_1mb.mp4 */ = {isa = PBXFileReference; lastKnownFileType = file; path = SampleVideo_1280x720_1mb.mp4; sourceTree = "<group>"; };
		CD6F3CEA1FC16D44001204ED /* HeartView.xib */ = {isa = PBXFileReference; fileEncoding = 4; lastKnownFileType = file.xib; path = HeartView.xib; sourceTree = "<group>"; };
		CD8A6E881EE46CC700658F0A /* PoC 2.0.app */ = {isa = PBXFileReference; explicitFileType = wrapper.application; includeInIndex = 0; path = "PoC 2.0.app"; sourceTree = BUILT_PRODUCTS_DIR; };
		CD8A6E8B1EE46CC700658F0A /* AppDelegate.swift */ = {isa = PBXFileReference; lastKnownFileType = sourcecode.swift; path = AppDelegate.swift; sourceTree = "<group>"; };
		CD8A6E8D1EE46CC700658F0A /* ViewController.swift */ = {isa = PBXFileReference; lastKnownFileType = sourcecode.swift; path = ViewController.swift; sourceTree = "<group>"; };
		CD8A6E901EE46CC800658F0A /* Base */ = {isa = PBXFileReference; lastKnownFileType = file.storyboard; name = Base; path = Base.lproj/Main.storyboard; sourceTree = "<group>"; };
		CD8A6E931EE46CC800658F0A /* PoC_2_0.xcdatamodel */ = {isa = PBXFileReference; lastKnownFileType = wrapper.xcdatamodel; path = PoC_2_0.xcdatamodel; sourceTree = "<group>"; };
		CD8A6E951EE46CC800658F0A /* Assets.xcassets */ = {isa = PBXFileReference; lastKnownFileType = folder.assetcatalog; path = Assets.xcassets; sourceTree = "<group>"; };
		CD8A6E981EE46CC800658F0A /* Base */ = {isa = PBXFileReference; lastKnownFileType = file.storyboard; name = Base; path = Base.lproj/LaunchScreen.storyboard; sourceTree = "<group>"; };
		CD8A6E9A1EE46CC800658F0A /* Info.plist */ = {isa = PBXFileReference; lastKnownFileType = text.plist.xml; path = Info.plist; sourceTree = "<group>"; };
		CD8A6E9F1EE46CC800658F0A /* PoC 2.0Tests.xctest */ = {isa = PBXFileReference; explicitFileType = wrapper.cfbundle; includeInIndex = 0; path = "PoC 2.0Tests.xctest"; sourceTree = BUILT_PRODUCTS_DIR; };
		CD8A6EA31EE46CC800658F0A /* PoC_2_0Tests.swift */ = {isa = PBXFileReference; lastKnownFileType = sourcecode.swift; path = PoC_2_0Tests.swift; sourceTree = "<group>"; };
		CD8A6EA51EE46CC800658F0A /* Info.plist */ = {isa = PBXFileReference; lastKnownFileType = text.plist.xml; path = Info.plist; sourceTree = "<group>"; };
		CD8A6EAA1EE46CC800658F0A /* PoC 2.0UITests.xctest */ = {isa = PBXFileReference; explicitFileType = wrapper.cfbundle; includeInIndex = 0; path = "PoC 2.0UITests.xctest"; sourceTree = BUILT_PRODUCTS_DIR; };
		CD8A6EAE1EE46CC800658F0A /* PoC_2_0UITests.swift */ = {isa = PBXFileReference; lastKnownFileType = sourcecode.swift; path = PoC_2_0UITests.swift; sourceTree = "<group>"; };
		CD8A6EB01EE46CC800658F0A /* Info.plist */ = {isa = PBXFileReference; lastKnownFileType = text.plist.xml; path = Info.plist; sourceTree = "<group>"; };
		CDD49CD3202E975900200724 /* VideoLauncher.swift */ = {isa = PBXFileReference; fileEncoding = 4; lastKnownFileType = sourcecode.swift; path = VideoLauncher.swift; sourceTree = "<group>"; };
		CDDA964E1EFD551100F686A7 /* AppUtility.swift */ = {isa = PBXFileReference; fileEncoding = 4; lastKnownFileType = sourcecode.swift; path = AppUtility.swift; sourceTree = "<group>"; };
		D7A5E831393337A77ABBFD1E /* Pods-PoC 2.0UITests.debug.xcconfig */ = {isa = PBXFileReference; includeInIndex = 1; lastKnownFileType = text.xcconfig; name = "Pods-PoC 2.0UITests.debug.xcconfig"; path = "Pods/Target Support Files/Pods-PoC 2.0UITests/Pods-PoC 2.0UITests.debug.xcconfig"; sourceTree = "<group>"; };
		D99A138F1E7646560C60CBD8 /* Pods-PoC 2.0.release.xcconfig */ = {isa = PBXFileReference; includeInIndex = 1; lastKnownFileType = text.xcconfig; name = "Pods-PoC 2.0.release.xcconfig"; path = "Pods/Target Support Files/Pods-PoC 2.0/Pods-PoC 2.0.release.xcconfig"; sourceTree = "<group>"; };
/* End PBXFileReference section */

/* Begin PBXFrameworksBuildPhase section */
		CD8A6E851EE46CC700658F0A /* Frameworks */ = {
			isa = PBXFrameworksBuildPhase;
			buildActionMask = 2147483647;
			files = (
				3BD7B7EB27E73DA1E60D9A6B /* Pods_PoC_2_0.framework in Frameworks */,
			);
			runOnlyForDeploymentPostprocessing = 0;
		};
		CD8A6E9C1EE46CC800658F0A /* Frameworks */ = {
			isa = PBXFrameworksBuildPhase;
			buildActionMask = 2147483647;
			files = (
				7C81E72772B47F022A327D07 /* Pods_PoC_2_0Tests.framework in Frameworks */,
			);
			runOnlyForDeploymentPostprocessing = 0;
		};
		CD8A6EA71EE46CC800658F0A /* Frameworks */ = {
			isa = PBXFrameworksBuildPhase;
			buildActionMask = 2147483647;
			files = (
				3DB3B29CC353FE955E7F5B36 /* Pods_PoC_2_0UITests.framework in Frameworks */,
			);
			runOnlyForDeploymentPostprocessing = 0;
		};
/* End PBXFrameworksBuildPhase section */

/* Begin PBXGroup section */
		2FEEC0850D30F759080E4492 /* Pods */ = {
			isa = PBXGroup;
			children = (
				240FB59F3BBE40C5BB45A56E /* Pods-PoC 2.0.debug.xcconfig */,
				D99A138F1E7646560C60CBD8 /* Pods-PoC 2.0.release.xcconfig */,
				4A57166127EA542A785F7322 /* Pods-PoC 2.0Tests.debug.xcconfig */,
				1C321A855C597750FE101A94 /* Pods-PoC 2.0Tests.release.xcconfig */,
				D7A5E831393337A77ABBFD1E /* Pods-PoC 2.0UITests.debug.xcconfig */,
				2F425F57800552EEDE2983CA /* Pods-PoC 2.0UITests.release.xcconfig */,
			);
			name = Pods;
			sourceTree = "<group>";
		};
		6166391025BEA05F3709D47F /* Frameworks */ = {
			isa = PBXGroup;
			children = (
				9921559FCB05FC3D4A65CAEC /* Pods_PoC_2_0.framework */,
				85268197897F77149CE9F9C1 /* Pods_PoC_2_0Tests.framework */,
				7E8B217966DFE814969AD094 /* Pods_PoC_2_0UITests.framework */,
			);
			name = Frameworks;
			sourceTree = "<group>";
		};
		CD8A6E7F1EE46CC700658F0A = {
			isa = PBXGroup;
			children = (
				CD8A6E8A1EE46CC700658F0A /* PoC 2.0 */,
				CD8A6EA21EE46CC800658F0A /* PoC 2.0Tests */,
				CD8A6EAD1EE46CC800658F0A /* PoC 2.0UITests */,
				CD8A6E891EE46CC700658F0A /* Products */,
				2FEEC0850D30F759080E4492 /* Pods */,
				6166391025BEA05F3709D47F /* Frameworks */,
			);
			sourceTree = "<group>";
		};
		CD8A6E891EE46CC700658F0A /* Products */ = {
			isa = PBXGroup;
			children = (
				CD8A6E881EE46CC700658F0A /* PoC 2.0.app */,
				CD8A6E9F1EE46CC800658F0A /* PoC 2.0Tests.xctest */,
				CD8A6EAA1EE46CC800658F0A /* PoC 2.0UITests.xctest */,
			);
			name = Products;
			sourceTree = "<group>";
		};
		CD8A6E8A1EE46CC700658F0A /* PoC 2.0 */ = {
			isa = PBXGroup;
			children = (
				CD8A6E8B1EE46CC700658F0A /* AppDelegate.swift */,
				CD8A6E8D1EE46CC700658F0A /* ViewController.swift */,
				CD8A6E8F1EE46CC800658F0A /* Main.storyboard */,
				CD8A6E951EE46CC800658F0A /* Assets.xcassets */,
				CD8A6E971EE46CC800658F0A /* LaunchScreen.storyboard */,
				CD8A6E9A1EE46CC800658F0A /* Info.plist */,
				CD8A6E921EE46CC800658F0A /* PoC_2_0.xcdatamodeld */,
				CDDA964E1EFD551100F686A7 /* AppUtility.swift */,
				CDD49CD3202E975900200724 /* VideoLauncher.swift */,
				CD6F3CE61FC15DD4001204ED /* CameraController.swift */,
				CD6F3CEA1FC16D44001204ED /* HeartView.xib */,
				CD6F3CE81FC1664F001204ED /* SampleVideo_1280x720_1mb.mp4 */,
			);
			path = "PoC 2.0";
			sourceTree = "<group>";
		};
		CD8A6EA21EE46CC800658F0A /* PoC 2.0Tests */ = {
			isa = PBXGroup;
			children = (
				CD8A6EA31EE46CC800658F0A /* PoC_2_0Tests.swift */,
				CD8A6EA51EE46CC800658F0A /* Info.plist */,
			);
			path = "PoC 2.0Tests";
			sourceTree = "<group>";
		};
		CD8A6EAD1EE46CC800658F0A /* PoC 2.0UITests */ = {
			isa = PBXGroup;
			children = (
				CD8A6EAE1EE46CC800658F0A /* PoC_2_0UITests.swift */,
				CD8A6EB01EE46CC800658F0A /* Info.plist */,
			);
			path = "PoC 2.0UITests";
			sourceTree = "<group>";
		};
/* End PBXGroup section */

/* Begin PBXNativeTarget section */
		CD8A6E871EE46CC700658F0A /* PoC 2.0 */ = {
			isa = PBXNativeTarget;
			buildConfigurationList = CD8A6EB31EE46CC800658F0A /* Build configuration list for PBXNativeTarget "PoC 2.0" */;
			buildPhases = (
				0DAFF85337FF9543243DD559 /* [CP] Check Pods Manifest.lock */,
				CD8A6E841EE46CC700658F0A /* Sources */,
				CD8A6E851EE46CC700658F0A /* Frameworks */,
				CD8A6E861EE46CC700658F0A /* Resources */,
				AF3D3B552275C405564D6496 /* [CP] Embed Pods Frameworks */,
				797D6AD12C283779EE72F618 /* [CP] Copy Pods Resources */,
			);
			buildRules = (
			);
			dependencies = (
			);
			name = "PoC 2.0";
			productName = "PoC 2.0";
			productReference = CD8A6E881EE46CC700658F0A /* PoC 2.0.app */;
			productType = "com.apple.product-type.application";
		};
		CD8A6E9E1EE46CC800658F0A /* PoC 2.0Tests */ = {
			isa = PBXNativeTarget;
			buildConfigurationList = CD8A6EB61EE46CC800658F0A /* Build configuration list for PBXNativeTarget "PoC 2.0Tests" */;
			buildPhases = (
				F92E3CFDBEC24A6D47382E0F /* [CP] Check Pods Manifest.lock */,
				CD8A6E9B1EE46CC800658F0A /* Sources */,
				CD8A6E9C1EE46CC800658F0A /* Frameworks */,
				CD8A6E9D1EE46CC800658F0A /* Resources */,
				0FF832F14746BE72B6BDD3E9 /* [CP] Embed Pods Frameworks */,
				5C6DB4E41FD2F6624EBE1BA4 /* [CP] Copy Pods Resources */,
			);
			buildRules = (
			);
			dependencies = (
				CD8A6EA11EE46CC800658F0A /* PBXTargetDependency */,
			);
			name = "PoC 2.0Tests";
			productName = "PoC 2.0Tests";
			productReference = CD8A6E9F1EE46CC800658F0A /* PoC 2.0Tests.xctest */;
			productType = "com.apple.product-type.bundle.unit-test";
		};
		CD8A6EA91EE46CC800658F0A /* PoC 2.0UITests */ = {
			isa = PBXNativeTarget;
			buildConfigurationList = CD8A6EB91EE46CC800658F0A /* Build configuration list for PBXNativeTarget "PoC 2.0UITests" */;
			buildPhases = (
				92D91421505A2BE3176942F9 /* [CP] Check Pods Manifest.lock */,
				CD8A6EA61EE46CC800658F0A /* Sources */,
				CD8A6EA71EE46CC800658F0A /* Frameworks */,
				CD8A6EA81EE46CC800658F0A /* Resources */,
				6C14735DB037C21FFA5F1B2F /* [CP] Embed Pods Frameworks */,
				1A545F69F7FF13404EA3EE9D /* [CP] Copy Pods Resources */,
			);
			buildRules = (
			);
			dependencies = (
				CD8A6EAC1EE46CC800658F0A /* PBXTargetDependency */,
			);
			name = "PoC 2.0UITests";
			productName = "PoC 2.0UITests";
			productReference = CD8A6EAA1EE46CC800658F0A /* PoC 2.0UITests.xctest */;
			productType = "com.apple.product-type.bundle.ui-testing";
		};
/* End PBXNativeTarget section */

/* Begin PBXProject section */
		CD8A6E801EE46CC700658F0A /* Project object */ = {
			isa = PBXProject;
			attributes = {
				LastSwiftUpdateCheck = 0830;
				LastUpgradeCheck = 0910;
				ORGANIZATIONNAME = "Cris Toozs";
				TargetAttributes = {
					CD8A6E871EE46CC700658F0A = {
						CreatedOnToolsVersion = 8.3.2;
						DevelopmentTeam = DMQPVBD977;
						LastSwiftMigration = 0920;
						ProvisioningStyle = Automatic;
					};
					CD8A6E9E1EE46CC800658F0A = {
						CreatedOnToolsVersion = 8.3.2;
						DevelopmentTeam = DMQPVBD977;
						LastSwiftMigration = 0910;
						ProvisioningStyle = Automatic;
						TestTargetID = CD8A6E871EE46CC700658F0A;
					};
					CD8A6EA91EE46CC800658F0A = {
						CreatedOnToolsVersion = 8.3.2;
						DevelopmentTeam = DMQPVBD977;
						LastSwiftMigration = 0910;
						ProvisioningStyle = Automatic;
						TestTargetID = CD8A6E871EE46CC700658F0A;
					};
				};
			};
			buildConfigurationList = CD8A6E831EE46CC700658F0A /* Build configuration list for PBXProject "PoC 2.0" */;
			compatibilityVersion = "Xcode 3.2";
			developmentRegion = English;
			hasScannedForEncodings = 0;
			knownRegions = (
				en,
				Base,
			);
			mainGroup = CD8A6E7F1EE46CC700658F0A;
			productRefGroup = CD8A6E891EE46CC700658F0A /* Products */;
			projectDirPath = "";
			projectRoot = "";
			targets = (
				CD8A6E871EE46CC700658F0A /* PoC 2.0 */,
				CD8A6E9E1EE46CC800658F0A /* PoC 2.0Tests */,
				CD8A6EA91EE46CC800658F0A /* PoC 2.0UITests */,
			);
		};
/* End PBXProject section */

/* Begin PBXResourcesBuildPhase section */
		CD8A6E861EE46CC700658F0A /* Resources */ = {
			isa = PBXResourcesBuildPhase;
			buildActionMask = 2147483647;
			files = (
				CD8A6E991EE46CC800658F0A /* LaunchScreen.storyboard in Resources */,
				CD8A6E961EE46CC800658F0A /* Assets.xcassets in Resources */,
				CD6F3CE91FC16650001204ED /* SampleVideo_1280x720_1mb.mp4 in Resources */,
				CD8A6E911EE46CC800658F0A /* Main.storyboard in Resources */,
				CD6F3CEB1FC16D44001204ED /* HeartView.xib in Resources */,
			);
			runOnlyForDeploymentPostprocessing = 0;
		};
		CD8A6E9D1EE46CC800658F0A /* Resources */ = {
			isa = PBXResourcesBuildPhase;
			buildActionMask = 2147483647;
			files = (
			);
			runOnlyForDeploymentPostprocessing = 0;
		};
		CD8A6EA81EE46CC800658F0A /* Resources */ = {
			isa = PBXResourcesBuildPhase;
			buildActionMask = 2147483647;
			files = (
			);
			runOnlyForDeploymentPostprocessing = 0;
		};
/* End PBXResourcesBuildPhase section */

/* Begin PBXShellScriptBuildPhase section */
		0DAFF85337FF9543243DD559 /* [CP] Check Pods Manifest.lock */ = {
			isa = PBXShellScriptBuildPhase;
			buildActionMask = 2147483647;
			files = (
			);
			inputPaths = (
				"${PODS_PODFILE_DIR_PATH}/Podfile.lock",
				"${PODS_ROOT}/Manifest.lock",
			);
			name = "[CP] Check Pods Manifest.lock";
			outputPaths = (
				"$(DERIVED_FILE_DIR)/Pods-PoC 2.0-checkManifestLockResult.txt",
			);
			runOnlyForDeploymentPostprocessing = 0;
			shellPath = /bin/sh;
			shellScript = "diff \"${PODS_PODFILE_DIR_PATH}/Podfile.lock\" \"${PODS_ROOT}/Manifest.lock\" > /dev/null\nif [ $? != 0 ] ; then\n    # print error to STDERR\n    echo \"error: The sandbox is not in sync with the Podfile.lock. Run 'pod install' or update your CocoaPods installation.\" >&2\n    exit 1\nfi\n# This output is used by Xcode 'outputs' to avoid re-running this script phase.\necho \"SUCCESS\" > \"${SCRIPT_OUTPUT_FILE_0}\"\n";
			showEnvVarsInLog = 0;
		};
		0FF832F14746BE72B6BDD3E9 /* [CP] Embed Pods Frameworks */ = {
			isa = PBXShellScriptBuildPhase;
			buildActionMask = 2147483647;
			files = (
			);
			inputPaths = (
			);
			name = "[CP] Embed Pods Frameworks";
			outputPaths = (
			);
			runOnlyForDeploymentPostprocessing = 0;
			shellPath = /bin/sh;
			shellScript = "\"${SRCROOT}/Pods/Target Support Files/Pods-PoC 2.0Tests/Pods-PoC 2.0Tests-frameworks.sh\"\n";
			showEnvVarsInLog = 0;
		};
		1A545F69F7FF13404EA3EE9D /* [CP] Copy Pods Resources */ = {
			isa = PBXShellScriptBuildPhase;
			buildActionMask = 2147483647;
			files = (
			);
			inputPaths = (
			);
			name = "[CP] Copy Pods Resources";
			outputPaths = (
			);
			runOnlyForDeploymentPostprocessing = 0;
			shellPath = /bin/sh;
			shellScript = "\"${SRCROOT}/Pods/Target Support Files/Pods-PoC 2.0UITests/Pods-PoC 2.0UITests-resources.sh\"\n";
			showEnvVarsInLog = 0;
		};
		5C6DB4E41FD2F6624EBE1BA4 /* [CP] Copy Pods Resources */ = {
			isa = PBXShellScriptBuildPhase;
			buildActionMask = 2147483647;
			files = (
			);
			inputPaths = (
			);
			name = "[CP] Copy Pods Resources";
			outputPaths = (
			);
			runOnlyForDeploymentPostprocessing = 0;
			shellPath = /bin/sh;
			shellScript = "\"${SRCROOT}/Pods/Target Support Files/Pods-PoC 2.0Tests/Pods-PoC 2.0Tests-resources.sh\"\n";
			showEnvVarsInLog = 0;
		};
		6C14735DB037C21FFA5F1B2F /* [CP] Embed Pods Frameworks */ = {
			isa = PBXShellScriptBuildPhase;
			buildActionMask = 2147483647;
			files = (
			);
			inputPaths = (
			);
			name = "[CP] Embed Pods Frameworks";
			outputPaths = (
			);
			runOnlyForDeploymentPostprocessing = 0;
			shellPath = /bin/sh;
			shellScript = "\"${SRCROOT}/Pods/Target Support Files/Pods-PoC 2.0UITests/Pods-PoC 2.0UITests-frameworks.sh\"\n";
			showEnvVarsInLog = 0;
		};
		797D6AD12C283779EE72F618 /* [CP] Copy Pods Resources */ = {
			isa = PBXShellScriptBuildPhase;
			buildActionMask = 2147483647;
			files = (
			);
			inputPaths = (
			);
			name = "[CP] Copy Pods Resources";
			outputPaths = (
			);
			runOnlyForDeploymentPostprocessing = 0;
			shellPath = /bin/sh;
			shellScript = "\"${SRCROOT}/Pods/Target Support Files/Pods-PoC 2.0/Pods-PoC 2.0-resources.sh\"\n";
			showEnvVarsInLog = 0;
		};
		92D91421505A2BE3176942F9 /* [CP] Check Pods Manifest.lock */ = {
			isa = PBXShellScriptBuildPhase;
			buildActionMask = 2147483647;
			files = (
			);
			inputPaths = (
				"${PODS_PODFILE_DIR_PATH}/Podfile.lock",
				"${PODS_ROOT}/Manifest.lock",
			);
			name = "[CP] Check Pods Manifest.lock";
			outputPaths = (
				"$(DERIVED_FILE_DIR)/Pods-PoC 2.0UITests-checkManifestLockResult.txt",
			);
			runOnlyForDeploymentPostprocessing = 0;
			shellPath = /bin/sh;
			shellScript = "diff \"${PODS_PODFILE_DIR_PATH}/Podfile.lock\" \"${PODS_ROOT}/Manifest.lock\" > /dev/null\nif [ $? != 0 ] ; then\n    # print error to STDERR\n    echo \"error: The sandbox is not in sync with the Podfile.lock. Run 'pod install' or update your CocoaPods installation.\" >&2\n    exit 1\nfi\n# This output is used by Xcode 'outputs' to avoid re-running this script phase.\necho \"SUCCESS\" > \"${SCRIPT_OUTPUT_FILE_0}\"\n";
			showEnvVarsInLog = 0;
		};
		AF3D3B552275C405564D6496 /* [CP] Embed Pods Frameworks */ = {
			isa = PBXShellScriptBuildPhase;
			buildActionMask = 2147483647;
			files = (
			);
			inputPaths = (
				"${SRCROOT}/Pods/Target Support Files/Pods-PoC 2.0/Pods-PoC 2.0-frameworks.sh",
				"${BUILT_PRODUCTS_DIR}/OpenCV/opencv2.framework",
				"${BUILT_PRODUCTS_DIR}/YourAdsSDK/YourAdsSDK.framework",
			);
			name = "[CP] Embed Pods Frameworks";
			outputPaths = (
				"${TARGET_BUILD_DIR}/${FRAMEWORKS_FOLDER_PATH}/opencv2.framework",
				"${TARGET_BUILD_DIR}/${FRAMEWORKS_FOLDER_PATH}/YourAdsSDK.framework",
			);
			runOnlyForDeploymentPostprocessing = 0;
			shellPath = /bin/sh;
			shellScript = "\"${SRCROOT}/Pods/Target Support Files/Pods-PoC 2.0/Pods-PoC 2.0-frameworks.sh\"\n";
			showEnvVarsInLog = 0;
		};
		F92E3CFDBEC24A6D47382E0F /* [CP] Check Pods Manifest.lock */ = {
			isa = PBXShellScriptBuildPhase;
			buildActionMask = 2147483647;
			files = (
			);
			inputPaths = (
				"${PODS_PODFILE_DIR_PATH}/Podfile.lock",
				"${PODS_ROOT}/Manifest.lock",
			);
			name = "[CP] Check Pods Manifest.lock";
			outputPaths = (
				"$(DERIVED_FILE_DIR)/Pods-PoC 2.0Tests-checkManifestLockResult.txt",
			);
			runOnlyForDeploymentPostprocessing = 0;
			shellPath = /bin/sh;
			shellScript = "diff \"${PODS_PODFILE_DIR_PATH}/Podfile.lock\" \"${PODS_ROOT}/Manifest.lock\" > /dev/null\nif [ $? != 0 ] ; then\n    # print error to STDERR\n    echo \"error: The sandbox is not in sync with the Podfile.lock. Run 'pod install' or update your CocoaPods installation.\" >&2\n    exit 1\nfi\n# This output is used by Xcode 'outputs' to avoid re-running this script phase.\necho \"SUCCESS\" > \"${SCRIPT_OUTPUT_FILE_0}\"\n";
			showEnvVarsInLog = 0;
		};
/* End PBXShellScriptBuildPhase section */

/* Begin PBXSourcesBuildPhase section */
		CD8A6E841EE46CC700658F0A /* Sources */ = {
			isa = PBXSourcesBuildPhase;
			buildActionMask = 2147483647;
			files = (
				CD6F3CE71FC15DD4001204ED /* CameraController.swift in Sources */,
				CD8A6E941EE46CC800658F0A /* PoC_2_0.xcdatamodeld in Sources */,
				CD8A6E8E1EE46CC700658F0A /* ViewController.swift in Sources */,
				CDD49CD4202E975900200724 /* VideoLauncher.swift in Sources */,
				CDDA964F1EFD551100F686A7 /* AppUtility.swift in Sources */,
				CD8A6E8C1EE46CC700658F0A /* AppDelegate.swift in Sources */,
			);
			runOnlyForDeploymentPostprocessing = 0;
		};
		CD8A6E9B1EE46CC800658F0A /* Sources */ = {
			isa = PBXSourcesBuildPhase;
			buildActionMask = 2147483647;
			files = (
				CD8A6EA41EE46CC800658F0A /* PoC_2_0Tests.swift in Sources */,
			);
			runOnlyForDeploymentPostprocessing = 0;
		};
		CD8A6EA61EE46CC800658F0A /* Sources */ = {
			isa = PBXSourcesBuildPhase;
			buildActionMask = 2147483647;
			files = (
				CD8A6EAF1EE46CC800658F0A /* PoC_2_0UITests.swift in Sources */,
			);
			runOnlyForDeploymentPostprocessing = 0;
		};
/* End PBXSourcesBuildPhase section */

/* Begin PBXTargetDependency section */
		CD8A6EA11EE46CC800658F0A /* PBXTargetDependency */ = {
			isa = PBXTargetDependency;
			target = CD8A6E871EE46CC700658F0A /* PoC 2.0 */;
			targetProxy = CD8A6EA01EE46CC800658F0A /* PBXContainerItemProxy */;
		};
		CD8A6EAC1EE46CC800658F0A /* PBXTargetDependency */ = {
			isa = PBXTargetDependency;
			target = CD8A6E871EE46CC700658F0A /* PoC 2.0 */;
			targetProxy = CD8A6EAB1EE46CC800658F0A /* PBXContainerItemProxy */;
		};
/* End PBXTargetDependency section */

/* Begin PBXVariantGroup section */
		CD8A6E8F1EE46CC800658F0A /* Main.storyboard */ = {
			isa = PBXVariantGroup;
			children = (
				CD8A6E901EE46CC800658F0A /* Base */,
			);
			name = Main.storyboard;
			sourceTree = "<group>";
		};
		CD8A6E971EE46CC800658F0A /* LaunchScreen.storyboard */ = {
			isa = PBXVariantGroup;
			children = (
				CD8A6E981EE46CC800658F0A /* Base */,
			);
			name = LaunchScreen.storyboard;
			sourceTree = "<group>";
		};
/* End PBXVariantGroup section */

/* Begin XCBuildConfiguration section */
		CD8A6EB11EE46CC800658F0A /* Debug */ = {
			isa = XCBuildConfiguration;
			buildSettings = {
				ALWAYS_SEARCH_USER_PATHS = NO;
				CLANG_ANALYZER_NONNULL = YES;
				CLANG_ANALYZER_NUMBER_OBJECT_CONVERSION = YES_AGGRESSIVE;
				CLANG_CXX_LANGUAGE_STANDARD = "gnu++0x";
				CLANG_CXX_LIBRARY = "libc++";
				CLANG_ENABLE_MODULES = YES;
				CLANG_ENABLE_OBJC_ARC = YES;
				CLANG_WARN_BLOCK_CAPTURE_AUTORELEASING = YES;
				CLANG_WARN_BOOL_CONVERSION = YES;
				CLANG_WARN_COMMA = YES;
				CLANG_WARN_CONSTANT_CONVERSION = YES;
				CLANG_WARN_DIRECT_OBJC_ISA_USAGE = YES_ERROR;
				CLANG_WARN_DOCUMENTATION_COMMENTS = YES;
				CLANG_WARN_EMPTY_BODY = YES;
				CLANG_WARN_ENUM_CONVERSION = YES;
				CLANG_WARN_INFINITE_RECURSION = YES;
				CLANG_WARN_INT_CONVERSION = YES;
				CLANG_WARN_NON_LITERAL_NULL_CONVERSION = YES;
				CLANG_WARN_OBJC_LITERAL_CONVERSION = YES;
				CLANG_WARN_OBJC_ROOT_CLASS = YES_ERROR;
				CLANG_WARN_RANGE_LOOP_ANALYSIS = YES;
				CLANG_WARN_STRICT_PROTOTYPES = YES;
				CLANG_WARN_SUSPICIOUS_MOVE = YES;
				CLANG_WARN_UNREACHABLE_CODE = YES;
				CLANG_WARN__DUPLICATE_METHOD_MATCH = YES;
				"CODE_SIGN_IDENTITY[sdk=iphoneos*]" = "iPhone Developer";
				COPY_PHASE_STRIP = NO;
				DEBUG_INFORMATION_FORMAT = dwarf;
				ENABLE_STRICT_OBJC_MSGSEND = YES;
				ENABLE_TESTABILITY = YES;
				GCC_C_LANGUAGE_STANDARD = gnu99;
				GCC_DYNAMIC_NO_PIC = NO;
				GCC_NO_COMMON_BLOCKS = YES;
				GCC_OPTIMIZATION_LEVEL = 0;
				GCC_PREPROCESSOR_DEFINITIONS = (
					"DEBUG=1",
					"$(inherited)",
				);
				GCC_WARN_64_TO_32_BIT_CONVERSION = YES;
				GCC_WARN_ABOUT_RETURN_TYPE = YES_ERROR;
				GCC_WARN_UNDECLARED_SELECTOR = YES;
				GCC_WARN_UNINITIALIZED_AUTOS = YES_AGGRESSIVE;
				GCC_WARN_UNUSED_FUNCTION = YES;
				GCC_WARN_UNUSED_VARIABLE = YES;
				IPHONEOS_DEPLOYMENT_TARGET = 11.0;
				MTL_ENABLE_DEBUG_INFO = YES;
				ONLY_ACTIVE_ARCH = YES;
				SDKROOT = iphoneos;
				SWIFT_ACTIVE_COMPILATION_CONDITIONS = DEBUG;
				SWIFT_OPTIMIZATION_LEVEL = "-Onone";
			};
			name = Debug;
		};
		CD8A6EB21EE46CC800658F0A /* Release */ = {
			isa = XCBuildConfiguration;
			buildSettings = {
				ALWAYS_SEARCH_USER_PATHS = NO;
				CLANG_ANALYZER_NONNULL = YES;
				CLANG_ANALYZER_NUMBER_OBJECT_CONVERSION = YES_AGGRESSIVE;
				CLANG_CXX_LANGUAGE_STANDARD = "gnu++0x";
				CLANG_CXX_LIBRARY = "libc++";
				CLANG_ENABLE_MODULES = YES;
				CLANG_ENABLE_OBJC_ARC = YES;
				CLANG_WARN_BLOCK_CAPTURE_AUTORELEASING = YES;
				CLANG_WARN_BOOL_CONVERSION = YES;
				CLANG_WARN_COMMA = YES;
				CLANG_WARN_CONSTANT_CONVERSION = YES;
				CLANG_WARN_DIRECT_OBJC_ISA_USAGE = YES_ERROR;
				CLANG_WARN_DOCUMENTATION_COMMENTS = YES;
				CLANG_WARN_EMPTY_BODY = YES;
				CLANG_WARN_ENUM_CONVERSION = YES;
				CLANG_WARN_INFINITE_RECURSION = YES;
				CLANG_WARN_INT_CONVERSION = YES;
				CLANG_WARN_NON_LITERAL_NULL_CONVERSION = YES;
				CLANG_WARN_OBJC_LITERAL_CONVERSION = YES;
				CLANG_WARN_OBJC_ROOT_CLASS = YES_ERROR;
				CLANG_WARN_RANGE_LOOP_ANALYSIS = YES;
				CLANG_WARN_STRICT_PROTOTYPES = YES;
				CLANG_WARN_SUSPICIOUS_MOVE = YES;
				CLANG_WARN_UNREACHABLE_CODE = YES;
				CLANG_WARN__DUPLICATE_METHOD_MATCH = YES;
				"CODE_SIGN_IDENTITY[sdk=iphoneos*]" = "iPhone Developer";
				COPY_PHASE_STRIP = NO;
				DEBUG_INFORMATION_FORMAT = "dwarf-with-dsym";
				ENABLE_NS_ASSERTIONS = NO;
				ENABLE_STRICT_OBJC_MSGSEND = YES;
				GCC_C_LANGUAGE_STANDARD = gnu99;
				GCC_NO_COMMON_BLOCKS = YES;
				GCC_WARN_64_TO_32_BIT_CONVERSION = YES;
				GCC_WARN_ABOUT_RETURN_TYPE = YES_ERROR;
				GCC_WARN_UNDECLARED_SELECTOR = YES;
				GCC_WARN_UNINITIALIZED_AUTOS = YES_AGGRESSIVE;
				GCC_WARN_UNUSED_FUNCTION = YES;
				GCC_WARN_UNUSED_VARIABLE = YES;
				IPHONEOS_DEPLOYMENT_TARGET = 11.0;
				MTL_ENABLE_DEBUG_INFO = NO;
				SDKROOT = iphoneos;
				SWIFT_OPTIMIZATION_LEVEL = "-Owholemodule";
				VALIDATE_PRODUCT = YES;
			};
			name = Release;
		};
		CD8A6EB41EE46CC800658F0A /* Debug */ = {
			isa = XCBuildConfiguration;
			baseConfigurationReference = 240FB59F3BBE40C5BB45A56E /* Pods-PoC 2.0.debug.xcconfig */;
			buildSettings = {
				ASSETCATALOG_COMPILER_APPICON_NAME = AppIcon;
				CLANG_ENABLE_MODULES = YES;
				DEVELOPMENT_TEAM = DMQPVBD977;
				FRAMEWORK_SEARCH_PATHS = (
					"$(inherited)",
					"$(PROJECT_DIR)/PoC\\ 2.0",
				);
				INFOPLIST_FILE = "PoC 2.0/Info.plist";
				IPHONEOS_DEPLOYMENT_TARGET = 11.0;
				LD_RUNPATH_SEARCH_PATHS = "$(inherited) @executable_path/Frameworks";
				PRODUCT_BUNDLE_IDENTIFIER = "YourAds.PoC-2-0";
				PRODUCT_NAME = "$(TARGET_NAME)";
				SWIFT_OBJC_BRIDGING_HEADER = "";
				SWIFT_OPTIMIZATION_LEVEL = "-Onone";
				SWIFT_SWIFT3_OBJC_INFERENCE = On;
				SWIFT_VERSION = 4.0;
			};
			name = Debug;
		};
		CD8A6EB51EE46CC800658F0A /* Release */ = {
			isa = XCBuildConfiguration;
			baseConfigurationReference = D99A138F1E7646560C60CBD8 /* Pods-PoC 2.0.release.xcconfig */;
			buildSettings = {
				ASSETCATALOG_COMPILER_APPICON_NAME = AppIcon;
				CLANG_ENABLE_MODULES = YES;
				DEVELOPMENT_TEAM = DMQPVBD977;
				FRAMEWORK_SEARCH_PATHS = (
					"$(inherited)",
					"$(PROJECT_DIR)/PoC\\ 2.0",
				);
				INFOPLIST_FILE = "PoC 2.0/Info.plist";
				IPHONEOS_DEPLOYMENT_TARGET = 11.0;
				LD_RUNPATH_SEARCH_PATHS = "$(inherited) @executable_path/Frameworks";
				PRODUCT_BUNDLE_IDENTIFIER = "YourAds.PoC-2-0";
				PRODUCT_NAME = "$(TARGET_NAME)";
				SWIFT_OBJC_BRIDGING_HEADER = "";
				SWIFT_SWIFT3_OBJC_INFERENCE = On;
				SWIFT_VERSION = 4.0;
			};
			name = Release;
		};
		CD8A6EB71EE46CC800658F0A /* Debug */ = {
			isa = XCBuildConfiguration;
			baseConfigurationReference = 4A57166127EA542A785F7322 /* Pods-PoC 2.0Tests.debug.xcconfig */;
			buildSettings = {
				ALWAYS_EMBED_SWIFT_STANDARD_LIBRARIES = YES;
				BUNDLE_LOADER = "$(TEST_HOST)";
				DEVELOPMENT_TEAM = DMQPVBD977;
				INFOPLIST_FILE = "PoC 2.0Tests/Info.plist";
				LD_RUNPATH_SEARCH_PATHS = "$(inherited) @executable_path/Frameworks @loader_path/Frameworks";
				PRODUCT_BUNDLE_IDENTIFIER = "YourAds.PoC-2-0Tests";
				PRODUCT_NAME = "$(TARGET_NAME)";
				SWIFT_SWIFT3_OBJC_INFERENCE = On;
				SWIFT_VERSION = 4.0;
				TEST_HOST = "$(BUILT_PRODUCTS_DIR)/PoC 2.0.app/PoC 2.0";
			};
			name = Debug;
		};
		CD8A6EB81EE46CC800658F0A /* Release */ = {
			isa = XCBuildConfiguration;
			baseConfigurationReference = 1C321A855C597750FE101A94 /* Pods-PoC 2.0Tests.release.xcconfig */;
			buildSettings = {
				ALWAYS_EMBED_SWIFT_STANDARD_LIBRARIES = YES;
				BUNDLE_LOADER = "$(TEST_HOST)";
				DEVELOPMENT_TEAM = DMQPVBD977;
				INFOPLIST_FILE = "PoC 2.0Tests/Info.plist";
				LD_RUNPATH_SEARCH_PATHS = "$(inherited) @executable_path/Frameworks @loader_path/Frameworks";
				PRODUCT_BUNDLE_IDENTIFIER = "YourAds.PoC-2-0Tests";
				PRODUCT_NAME = "$(TARGET_NAME)";
				SWIFT_SWIFT3_OBJC_INFERENCE = On;
				SWIFT_VERSION = 4.0;
				TEST_HOST = "$(BUILT_PRODUCTS_DIR)/PoC 2.0.app/PoC 2.0";
			};
			name = Release;
		};
		CD8A6EBA1EE46CC800658F0A /* Debug */ = {
			isa = XCBuildConfiguration;
			baseConfigurationReference = D7A5E831393337A77ABBFD1E /* Pods-PoC 2.0UITests.debug.xcconfig */;
			buildSettings = {
				ALWAYS_EMBED_SWIFT_STANDARD_LIBRARIES = YES;
				DEVELOPMENT_TEAM = DMQPVBD977;
				INFOPLIST_FILE = "PoC 2.0UITests/Info.plist";
				LD_RUNPATH_SEARCH_PATHS = "$(inherited) @executable_path/Frameworks @loader_path/Frameworks";
				PRODUCT_BUNDLE_IDENTIFIER = "YourAds.PoC-2-0UITests";
				PRODUCT_NAME = "$(TARGET_NAME)";
				SWIFT_SWIFT3_OBJC_INFERENCE = On;
				SWIFT_VERSION = 4.0;
				TEST_TARGET_NAME = "PoC 2.0";
			};
			name = Debug;
		};
		CD8A6EBB1EE46CC800658F0A /* Release */ = {
			isa = XCBuildConfiguration;
			baseConfigurationReference = 2F425F57800552EEDE2983CA /* Pods-PoC 2.0UITests.release.xcconfig */;
			buildSettings = {
				ALWAYS_EMBED_SWIFT_STANDARD_LIBRARIES = YES;
				DEVELOPMENT_TEAM = DMQPVBD977;
				INFOPLIST_FILE = "PoC 2.0UITests/Info.plist";
				LD_RUNPATH_SEARCH_PATHS = "$(inherited) @executable_path/Frameworks @loader_path/Frameworks";
				PRODUCT_BUNDLE_IDENTIFIER = "YourAds.PoC-2-0UITests";
				PRODUCT_NAME = "$(TARGET_NAME)";
				SWIFT_SWIFT3_OBJC_INFERENCE = On;
				SWIFT_VERSION = 4.0;
				TEST_TARGET_NAME = "PoC 2.0";
			};
			name = Release;
		};
/* End XCBuildConfiguration section */

/* Begin XCConfigurationList section */
		CD8A6E831EE46CC700658F0A /* Build configuration list for PBXProject "PoC 2.0" */ = {
			isa = XCConfigurationList;
			buildConfigurations = (
				CD8A6EB11EE46CC800658F0A /* Debug */,
				CD8A6EB21EE46CC800658F0A /* Release */,
			);
			defaultConfigurationIsVisible = 0;
			defaultConfigurationName = Release;
		};
		CD8A6EB31EE46CC800658F0A /* Build configuration list for PBXNativeTarget "PoC 2.0" */ = {
			isa = XCConfigurationList;
			buildConfigurations = (
				CD8A6EB41EE46CC800658F0A /* Debug */,
				CD8A6EB51EE46CC800658F0A /* Release */,
			);
			defaultConfigurationIsVisible = 0;
			defaultConfigurationName = Release;
		};
		CD8A6EB61EE46CC800658F0A /* Build configuration list for PBXNativeTarget "PoC 2.0Tests" */ = {
			isa = XCConfigurationList;
			buildConfigurations = (
				CD8A6EB71EE46CC800658F0A /* Debug */,
				CD8A6EB81EE46CC800658F0A /* Release */,
			);
			defaultConfigurationIsVisible = 0;
			defaultConfigurationName = Release;
		};
		CD8A6EB91EE46CC800658F0A /* Build configuration list for PBXNativeTarget "PoC 2.0UITests" */ = {
			isa = XCConfigurationList;
			buildConfigurations = (
				CD8A6EBA1EE46CC800658F0A /* Debug */,
				CD8A6EBB1EE46CC800658F0A /* Release */,
			);
			defaultConfigurationIsVisible = 0;
			defaultConfigurationName = Release;
		};
/* End XCConfigurationList section */

/* Begin XCVersionGroup section */
		CD8A6E921EE46CC800658F0A /* PoC_2_0.xcdatamodeld */ = {
			isa = XCVersionGroup;
			children = (
				CD8A6E931EE46CC800658F0A /* PoC_2_0.xcdatamodel */,
			);
			currentVersion = CD8A6E931EE46CC800658F0A /* PoC_2_0.xcdatamodel */;
			path = PoC_2_0.xcdatamodeld;
			sourceTree = "<group>";
			versionGroupType = wrapper.xcdatamodel;
		};
/* End XCVersionGroup section */
	};
	rootObject = CD8A6E801EE46CC700658F0A /* Project object */;
}
